
Microsoft Visual Studio Solution File, Format Version 12.00
# Visual Studio 15
Project("{FAE04EC0-301F-11D3-BF4B-00C04F79EFBC}") = "Assembly-CSharp", "Assembly-CSharp.csproj", "{1F1D7144-A4DE-612A-408B-64D6DBD5296E}"
EndProject
Project("{FAE04EC0-301F-11D3-BF4B-00C04F79EFBC}") = "Assembly-CSharp-Editor", "Assembly-CSharp-Editor.csproj", "{8B0E36F9-4EC1-8AFD-325F-002EE5CE9759}"
EndProject
Global
	GlobalSection(SolutionConfigurationPlatforms) = preSolution
		Debug|Any CPU = Debug|Any CPU
		Release|Any CPU = Release|Any CPU
	EndGlobalSection
	GlobalSection(ProjectConfigurationPlatforms) = postSolution
		{1F1D7144-A4DE-612A-408B-64D6DBD5296E}.Debug|Any CPU.ActiveCfg = Debug|Any CPU
		{1F1D7144-A4DE-612A-408B-64D6DBD5296E}.Debug|Any CPU.Build.0 = Debug|Any CPU
		{1F1D7144-A4DE-612A-408B-64D6DBD5296E}.Release|Any CPU.ActiveCfg = Release|Any CPU
		{1F1D7144-A4DE-612A-408B-64D6DBD5296E}.Release|Any CPU.Build.0 = Release|Any CPU
		{8B0E36F9-4EC1-8AFD-325F-002EE5CE9759}.Debug|Any CPU.ActiveCfg = Debug|Any CPU
		{8B0E36F9-4EC1-8AFD-325F-002EE5CE9759}.Debug|Any CPU.Build.0 = Debug|Any CPU
		{8B0E36F9-4EC1-8AFD-325F-002EE5CE9759}.Release|Any CPU.ActiveCfg = Release|Any CPU
		{8B0E36F9-4EC1-8AFD-325F-002EE5CE9759}.Release|Any CPU.Build.0 = Release|Any CPU
	EndGlobalSection
	GlobalSection(SolutionProperties) = preSolution
		HideSolutionNode = FALSE
	EndGlobalSection
EndGlobal
